
Microsoft Visual Studio Solution File, Format Version 12.00
# Visual Studio Version 16
VisualStudioVersion = 16.0.31005.135
MinimumVisualStudioVersion = 10.0.40219.1
Project("{FAE04EC0-301F-11D3-BF4B-00C04F79EFBC}") = "PetStore", "PetStore\PetStore.csproj", "{078F123C-0DB9-41B9-A1DC-DCA3083173FA}"
EndProject
Global
	GlobalSection(SolutionConfigurationPlatforms) = preSolution
		Debug|Any CPU = Debug|Any CPU
		Release|Any CPU = Release|Any CPU
	EndGlobalSection
	GlobalSection(ProjectConfigurationPlatforms) = postSolution
		{078F123C-0DB9-41B9-A1DC-DCA3083173FA}.Debug|Any CPU.ActiveCfg = Debug|Any CPU
		{078F123C-0DB9-41B9-A1DC-DCA3083173FA}.Debug|Any CPU.Build.0 = Debug|Any CPU
		{078F123C-0DB9-41B9-A1DC-DCA3083173FA}.Release|Any CPU.ActiveCfg = Release|Any CPU
		{078F123C-0DB9-41B9-A1DC-DCA3083173FA}.Release|Any CPU.Build.0 = Release|Any CPU
	EndGlobalSection
	GlobalSection(SolutionProperties) = preSolution
		HideSolutionNode = FALSE
	EndGlobalSection
	GlobalSection(ExtensibilityGlobals) = postSolution
		SolutionGuid = {C4297BD8-A64F-41EE-BF14-9319E2C019F3}
	EndGlobalSection
EndGlobal
